
Microsoft Visual Studio Solution File, Format Version 12.00
# Visual Studio 15
VisualStudioVersion = 15.0.27703.2042
MinimumVisualStudioVersion = 10.0.40219.1
Project("{FAE04EC0-301F-11D3-BF4B-00C04F79EFBC}") = "DataHora", "DataHora\DataHora.csproj", "{FD862BB6-240C-4D1F-8D71-ACC533B2C40A}"
EndProject
Global
	GlobalSection(SolutionConfigurationPlatforms) = preSolution
		Debug|Any CPU = Debug|Any CPU
		Release|Any CPU = Release|Any CPU
	EndGlobalSection
	GlobalSection(ProjectConfigurationPlatforms) = postSolution
		{FD862BB6-240C-4D1F-8D71-ACC533B2C40A}.Debug|Any CPU.ActiveCfg = Debug|Any CPU
		{FD862BB6-240C-4D1F-8D71-ACC533B2C40A}.Debug|Any CPU.Build.0 = Debug|Any CPU
		{FD862BB6-240C-4D1F-8D71-ACC533B2C40A}.Release|Any CPU.ActiveCfg = Release|Any CPU
		{FD862BB6-240C-4D1F-8D71-ACC533B2C40A}.Release|Any CPU.Build.0 = Release|Any CPU
	EndGlobalSection
	GlobalSection(SolutionProperties) = preSolution
		HideSolutionNode = FALSE
	EndGlobalSection
	GlobalSection(ExtensibilityGlobals) = postSolution
		SolutionGuid = {0543E674-8D8B-41CB-A7CC-DE4234E30868}
	EndGlobalSection
EndGlobal
