
Microsoft Visual Studio Solution File, Format Version 12.00
# Visual Studio 15
VisualStudioVersion = 15.0.27703.2042
MinimumVisualStudioVersion = 10.0.40219.1
Project("{FAE04EC0-301F-11D3-BF4B-00C04F79EFBC}") = "Formulario2", "Formulario2\Formulario2.csproj", "{B2AB68FC-6FE4-407F-9DD9-86D9F6371C83}"
EndProject
Global
	GlobalSection(SolutionConfigurationPlatforms) = preSolution
		Debug|Any CPU = Debug|Any CPU
		Release|Any CPU = Release|Any CPU
	EndGlobalSection
	GlobalSection(ProjectConfigurationPlatforms) = postSolution
		{B2AB68FC-6FE4-407F-9DD9-86D9F6371C83}.Debug|Any CPU.ActiveCfg = Debug|Any CPU
		{B2AB68FC-6FE4-407F-9DD9-86D9F6371C83}.Debug|Any CPU.Build.0 = Debug|Any CPU
		{B2AB68FC-6FE4-407F-9DD9-86D9F6371C83}.Release|Any CPU.ActiveCfg = Release|Any CPU
		{B2AB68FC-6FE4-407F-9DD9-86D9F6371C83}.Release|Any CPU.Build.0 = Release|Any CPU
	EndGlobalSection
	GlobalSection(SolutionProperties) = preSolution
		HideSolutionNode = FALSE
	EndGlobalSection
	GlobalSection(ExtensibilityGlobals) = postSolution
		SolutionGuid = {F1741116-99A0-4DF3-BE3A-54459AC87304}
	EndGlobalSection
EndGlobal
