
Microsoft Visual Studio Solution File, Format Version 12.00
# Visual Studio 15
VisualStudioVersion = 15.0.27703.2042
MinimumVisualStudioVersion = 10.0.40219.1
Project("{FAE04EC0-301F-11D3-BF4B-00C04F79EFBC}") = "strings", "strings\strings.csproj", "{5D5586EA-453E-4EBF-9B55-57DD09DF3DD1}"
EndProject
Global
	GlobalSection(SolutionConfigurationPlatforms) = preSolution
		Debug|Any CPU = Debug|Any CPU
		Release|Any CPU = Release|Any CPU
	EndGlobalSection
	GlobalSection(ProjectConfigurationPlatforms) = postSolution
		{5D5586EA-453E-4EBF-9B55-57DD09DF3DD1}.Debug|Any CPU.ActiveCfg = Debug|Any CPU
		{5D5586EA-453E-4EBF-9B55-57DD09DF3DD1}.Debug|Any CPU.Build.0 = Debug|Any CPU
		{5D5586EA-453E-4EBF-9B55-57DD09DF3DD1}.Release|Any CPU.ActiveCfg = Release|Any CPU
		{5D5586EA-453E-4EBF-9B55-57DD09DF3DD1}.Release|Any CPU.Build.0 = Release|Any CPU
	EndGlobalSection
	GlobalSection(SolutionProperties) = preSolution
		HideSolutionNode = FALSE
	EndGlobalSection
	GlobalSection(ExtensibilityGlobals) = postSolution
		SolutionGuid = {D99D54C2-7494-4AED-9169-D838B0C072B1}
	EndGlobalSection
EndGlobal
