
Microsoft Visual Studio Solution File, Format Version 12.00
# Visual Studio 15
VisualStudioVersion = 15.0.27703.2042
MinimumVisualStudioVersion = 10.0.40219.1
Project("{FAE04EC0-301F-11D3-BF4B-00C04F79EFBC}") = "ClasseEstatica", "ClasseEstatica\ClasseEstatica.csproj", "{E905FD98-EFBC-48DD-802B-82BE652A79DE}"
EndProject
Global
	GlobalSection(SolutionConfigurationPlatforms) = preSolution
		Debug|Any CPU = Debug|Any CPU
		Release|Any CPU = Release|Any CPU
	EndGlobalSection
	GlobalSection(ProjectConfigurationPlatforms) = postSolution
		{E905FD98-EFBC-48DD-802B-82BE652A79DE}.Debug|Any CPU.ActiveCfg = Debug|Any CPU
		{E905FD98-EFBC-48DD-802B-82BE652A79DE}.Debug|Any CPU.Build.0 = Debug|Any CPU
		{E905FD98-EFBC-48DD-802B-82BE652A79DE}.Release|Any CPU.ActiveCfg = Release|Any CPU
		{E905FD98-EFBC-48DD-802B-82BE652A79DE}.Release|Any CPU.Build.0 = Release|Any CPU
	EndGlobalSection
	GlobalSection(SolutionProperties) = preSolution
		HideSolutionNode = FALSE
	EndGlobalSection
	GlobalSection(ExtensibilityGlobals) = postSolution
		SolutionGuid = {B8DE88B6-AC74-4312-9916-827BC83E40D6}
	EndGlobalSection
EndGlobal
