
Microsoft Visual Studio Solution File, Format Version 12.00
# Visual Studio 15
VisualStudioVersion = 15.0.27703.2042
MinimumVisualStudioVersion = 10.0.40219.1
Project("{FAE04EC0-301F-11D3-BF4B-00C04F79EFBC}") = "ApagarPastasFicheiro", "ApagarPastasFicheiro\ApagarPastasFicheiro.csproj", "{277B0ADC-9883-467B-A8DC-7DC9BE683796}"
EndProject
Global
	GlobalSection(SolutionConfigurationPlatforms) = preSolution
		Debug|Any CPU = Debug|Any CPU
		Release|Any CPU = Release|Any CPU
	EndGlobalSection
	GlobalSection(ProjectConfigurationPlatforms) = postSolution
		{277B0ADC-9883-467B-A8DC-7DC9BE683796}.Debug|Any CPU.ActiveCfg = Debug|Any CPU
		{277B0ADC-9883-467B-A8DC-7DC9BE683796}.Debug|Any CPU.Build.0 = Debug|Any CPU
		{277B0ADC-9883-467B-A8DC-7DC9BE683796}.Release|Any CPU.ActiveCfg = Release|Any CPU
		{277B0ADC-9883-467B-A8DC-7DC9BE683796}.Release|Any CPU.Build.0 = Release|Any CPU
	EndGlobalSection
	GlobalSection(SolutionProperties) = preSolution
		HideSolutionNode = FALSE
	EndGlobalSection
	GlobalSection(ExtensibilityGlobals) = postSolution
		SolutionGuid = {B39C6A4D-E5F6-4D00-9208-EE973186D8BA}
	EndGlobalSection
EndGlobal
