
Microsoft Visual Studio Solution File, Format Version 12.00
# Visual Studio 15
VisualStudioVersion = 15.0.27703.2042
MinimumVisualStudioVersion = 10.0.40219.1
Project("{FAE04EC0-301F-11D3-BF4B-00C04F79EFBC}") = "Encapsulamento", "Encapsulamento\Encapsulamento.csproj", "{FC1C458B-FF33-4EDA-931E-DCB7E34E3865}"
EndProject
Global
	GlobalSection(SolutionConfigurationPlatforms) = preSolution
		Debug|Any CPU = Debug|Any CPU
		Release|Any CPU = Release|Any CPU
	EndGlobalSection
	GlobalSection(ProjectConfigurationPlatforms) = postSolution
		{FC1C458B-FF33-4EDA-931E-DCB7E34E3865}.Debug|Any CPU.ActiveCfg = Debug|Any CPU
		{FC1C458B-FF33-4EDA-931E-DCB7E34E3865}.Debug|Any CPU.Build.0 = Debug|Any CPU
		{FC1C458B-FF33-4EDA-931E-DCB7E34E3865}.Release|Any CPU.ActiveCfg = Release|Any CPU
		{FC1C458B-FF33-4EDA-931E-DCB7E34E3865}.Release|Any CPU.Build.0 = Release|Any CPU
	EndGlobalSection
	GlobalSection(SolutionProperties) = preSolution
		HideSolutionNode = FALSE
	EndGlobalSection
	GlobalSection(ExtensibilityGlobals) = postSolution
		SolutionGuid = {F5266FD4-2A8E-4CA0-8363-28937746C8C4}
	EndGlobalSection
EndGlobal
